
Microsoft Visual Studio Solution File, Format Version 12.00
# Visual Studio 14
VisualStudioVersion = 14.0.25420.1
MinimumVisualStudioVersion = 10.0.40219.1
Project("{FAE04EC0-301F-11D3-BF4B-00C04F79EFBC}") = "RestartAndroidAppTest", "RestartAndroidAppTest\RestartAndroidAppTest.csproj", "{19B5063E-3CD8-4305-8556-04CAACACFA25}"
EndProject
Project("{FAE04EC0-301F-11D3-BF4B-00C04F79EFBC}") = "RestartAndroidForms.Android", "RestartAndroidForms\RestartAndroidForms.Android\RestartAndroidForms.Android.csproj", "{FD005568-7CBE-4742-8109-9102564C7AE2}"
EndProject
Project("{FAE04EC0-301F-11D3-BF4B-00C04F79EFBC}") = "RestartAndroidForms", "RestartAndroidForms\RestartAndroidForms\RestartAndroidForms.csproj", "{5E478A70-77C5-4BDF-A09C-0C05FDCB03AF}"
EndProject
Project("{FAE04EC0-301F-11D3-BF4B-00C04F79EFBC}") = "RestartAndroidForms.UWP", "RestartAndroidForms\RestartAndroidForms.UWP\RestartAndroidForms.UWP.csproj", "{41D0AFF3-F961-418A-BCD3-0C489497C014}"
EndProject
Project("{FAE04EC0-301F-11D3-BF4B-00C04F79EFBC}") = "RestartAndroidForms.iOS", "RestartAndroidForms\RestartAndroidForms.iOS\RestartAndroidForms.iOS.csproj", "{F13419A6-CDB7-4CE1-A453-F9A139851756}"
EndProject
Global
	GlobalSection(SolutionConfigurationPlatforms) = preSolution
		Ad-Hoc|Any CPU = Ad-Hoc|Any CPU
		Ad-Hoc|ARM = Ad-Hoc|ARM
		Ad-Hoc|iPhone = Ad-Hoc|iPhone
		Ad-Hoc|iPhoneSimulator = Ad-Hoc|iPhoneSimulator
		Ad-Hoc|x64 = Ad-Hoc|x64
		Ad-Hoc|x86 = Ad-Hoc|x86
		AppStore|Any CPU = AppStore|Any CPU
		AppStore|ARM = AppStore|ARM
		AppStore|iPhone = AppStore|iPhone
		AppStore|iPhoneSimulator = AppStore|iPhoneSimulator
		AppStore|x64 = AppStore|x64
		AppStore|x86 = AppStore|x86
		Debug|Any CPU = Debug|Any CPU
		Debug|ARM = Debug|ARM
		Debug|iPhone = Debug|iPhone
		Debug|iPhoneSimulator = Debug|iPhoneSimulator
		Debug|x64 = Debug|x64
		Debug|x86 = Debug|x86
		Release|Any CPU = Release|Any CPU
		Release|ARM = Release|ARM
		Release|iPhone = Release|iPhone
		Release|iPhoneSimulator = Release|iPhoneSimulator
		Release|x64 = Release|x64
		Release|x86 = Release|x86
	EndGlobalSection
	GlobalSection(ProjectConfigurationPlatforms) = postSolution
		{19B5063E-3CD8-4305-8556-04CAACACFA25}.Ad-Hoc|Any CPU.ActiveCfg = Release|Any CPU
		{19B5063E-3CD8-4305-8556-04CAACACFA25}.Ad-Hoc|Any CPU.Build.0 = Release|Any CPU
		{19B5063E-3CD8-4305-8556-04CAACACFA25}.Ad-Hoc|Any CPU.Deploy.0 = Release|Any CPU
		{19B5063E-3CD8-4305-8556-04CAACACFA25}.Ad-Hoc|ARM.ActiveCfg = Release|Any CPU
		{19B5063E-3CD8-4305-8556-04CAACACFA25}.Ad-Hoc|ARM.Build.0 = Release|Any CPU
		{19B5063E-3CD8-4305-8556-04CAACACFA25}.Ad-Hoc|ARM.Deploy.0 = Release|Any CPU
		{19B5063E-3CD8-4305-8556-04CAACACFA25}.Ad-Hoc|iPhone.ActiveCfg = Release|Any CPU
		{19B5063E-3CD8-4305-8556-04CAACACFA25}.Ad-Hoc|iPhone.Build.0 = Release|Any CPU
		{19B5063E-3CD8-4305-8556-04CAACACFA25}.Ad-Hoc|iPhone.Deploy.0 = Release|Any CPU
		{19B5063E-3CD8-4305-8556-04CAACACFA25}.Ad-Hoc|iPhoneSimulator.ActiveCfg = Release|Any CPU
		{19B5063E-3CD8-4305-8556-04CAACACFA25}.Ad-Hoc|iPhoneSimulator.Build.0 = Release|Any CPU
		{19B5063E-3CD8-4305-8556-04CAACACFA25}.Ad-Hoc|iPhoneSimulator.Deploy.0 = Release|Any CPU
		{19B5063E-3CD8-4305-8556-04CAACACFA25}.Ad-Hoc|x64.ActiveCfg = Release|Any CPU
		{19B5063E-3CD8-4305-8556-04CAACACFA25}.Ad-Hoc|x64.Build.0 = Release|Any CPU
		{19B5063E-3CD8-4305-8556-04CAACACFA25}.Ad-Hoc|x64.Deploy.0 = Release|Any CPU
		{19B5063E-3CD8-4305-8556-04CAACACFA25}.Ad-Hoc|x86.ActiveCfg = Release|Any CPU
		{19B5063E-3CD8-4305-8556-04CAACACFA25}.Ad-Hoc|x86.Build.0 = Release|Any CPU
		{19B5063E-3CD8-4305-8556-04CAACACFA25}.Ad-Hoc|x86.Deploy.0 = Release|Any CPU
		{19B5063E-3CD8-4305-8556-04CAACACFA25}.AppStore|Any CPU.ActiveCfg = Release|Any CPU
		{19B5063E-3CD8-4305-8556-04CAACACFA25}.AppStore|Any CPU.Build.0 = Release|Any CPU
		{19B5063E-3CD8-4305-8556-04CAACACFA25}.AppStore|Any CPU.Deploy.0 = Release|Any CPU
		{19B5063E-3CD8-4305-8556-04CAACACFA25}.AppStore|ARM.ActiveCfg = Release|Any CPU
		{19B5063E-3CD8-4305-8556-04CAACACFA25}.AppStore|ARM.Build.0 = Release|Any CPU
		{19B5063E-3CD8-4305-8556-04CAACACFA25}.AppStore|ARM.Deploy.0 = Release|Any CPU
		{19B5063E-3CD8-4305-8556-04CAACACFA25}.AppStore|iPhone.ActiveCfg = Release|Any CPU
		{19B5063E-3CD8-4305-8556-04CAACACFA25}.AppStore|iPhone.Build.0 = Release|Any CPU
		{19B5063E-3CD8-4305-8556-04CAACACFA25}.AppStore|iPhone.Deploy.0 = Release|Any CPU
		{19B5063E-3CD8-4305-8556-04CAACACFA25}.AppStore|iPhoneSimulator.ActiveCfg = Release|Any CPU
		{19B5063E-3CD8-4305-8556-04CAACACFA25}.AppStore|iPhoneSimulator.Build.0 = Release|Any CPU
		{19B5063E-3CD8-4305-8556-04CAACACFA25}.AppStore|iPhoneSimulator.Deploy.0 = Release|Any CPU
		{19B5063E-3CD8-4305-8556-04CAACACFA25}.AppStore|x64.ActiveCfg = Release|Any CPU
		{19B5063E-3CD8-4305-8556-04CAACACFA25}.AppStore|x64.Build.0 = Release|Any CPU
		{19B5063E-3CD8-4305-8556-04CAACACFA25}.AppStore|x64.Deploy.0 = Release|Any CPU
		{19B5063E-3CD8-4305-8556-04CAACACFA25}.AppStore|x86.ActiveCfg = Release|Any CPU
		{19B5063E-3CD8-4305-8556-04CAACACFA25}.AppStore|x86.Build.0 = Release|Any CPU
		{19B5063E-3CD8-4305-8556-04CAACACFA25}.AppStore|x86.Deploy.0 = Release|Any CPU
		{19B5063E-3CD8-4305-8556-04CAACACFA25}.Debug|Any CPU.ActiveCfg = Debug|Any CPU
		{19B5063E-3CD8-4305-8556-04CAACACFA25}.Debug|Any CPU.Build.0 = Debug|Any CPU
		{19B5063E-3CD8-4305-8556-04CAACACFA25}.Debug|Any CPU.Deploy.0 = Debug|Any CPU
		{19B5063E-3CD8-4305-8556-04CAACACFA25}.Debug|ARM.ActiveCfg = Debug|Any CPU
		{19B5063E-3CD8-4305-8556-04CAACACFA25}.Debug|ARM.Build.0 = Debug|Any CPU
		{19B5063E-3CD8-4305-8556-04CAACACFA25}.Debug|ARM.Deploy.0 = Debug|Any CPU
		{19B5063E-3CD8-4305-8556-04CAACACFA25}.Debug|iPhone.ActiveCfg = Debug|Any CPU
		{19B5063E-3CD8-4305-8556-04CAACACFA25}.Debug|iPhone.Build.0 = Debug|Any CPU
		{19B5063E-3CD8-4305-8556-04CAACACFA25}.Debug|iPhone.Deploy.0 = Debug|Any CPU
		{19B5063E-3CD8-4305-8556-04CAACACFA25}.Debug|iPhoneSimulator.ActiveCfg = Debug|Any CPU
		{19B5063E-3CD8-4305-8556-04CAACACFA25}.Debug|iPhoneSimulator.Build.0 = Debug|Any CPU
		{19B5063E-3CD8-4305-8556-04CAACACFA25}.Debug|iPhoneSimulator.Deploy.0 = Debug|Any CPU
		{19B5063E-3CD8-4305-8556-04CAACACFA25}.Debug|x64.ActiveCfg = Debug|Any CPU
		{19B5063E-3CD8-4305-8556-04CAACACFA25}.Debug|x64.Build.0 = Debug|Any CPU
		{19B5063E-3CD8-4305-8556-04CAACACFA25}.Debug|x64.Deploy.0 = Debug|Any CPU
		{19B5063E-3CD8-4305-8556-04CAACACFA25}.Debug|x86.ActiveCfg = Debug|Any CPU
		{19B5063E-3CD8-4305-8556-04CAACACFA25}.Debug|x86.Build.0 = Debug|Any CPU
		{19B5063E-3CD8-4305-8556-04CAACACFA25}.Debug|x86.Deploy.0 = Debug|Any CPU
		{19B5063E-3CD8-4305-8556-04CAACACFA25}.Release|Any CPU.ActiveCfg = Release|Any CPU
		{19B5063E-3CD8-4305-8556-04CAACACFA25}.Release|Any CPU.Build.0 = Release|Any CPU
		{19B5063E-3CD8-4305-8556-04CAACACFA25}.Release|Any CPU.Deploy.0 = Release|Any CPU
		{19B5063E-3CD8-4305-8556-04CAACACFA25}.Release|ARM.ActiveCfg = Release|Any CPU
		{19B5063E-3CD8-4305-8556-04CAACACFA25}.Release|ARM.Build.0 = Release|Any CPU
		{19B5063E-3CD8-4305-8556-04CAACACFA25}.Release|ARM.Deploy.0 = Release|Any CPU
		{19B5063E-3CD8-4305-8556-04CAACACFA25}.Release|iPhone.ActiveCfg = Release|Any CPU
		{19B5063E-3CD8-4305-8556-04CAACACFA25}.Release|iPhone.Build.0 = Release|Any CPU
		{19B5063E-3CD8-4305-8556-04CAACACFA25}.Release|iPhone.Deploy.0 = Release|Any CPU
		{19B5063E-3CD8-4305-8556-04CAACACFA25}.Release|iPhoneSimulator.ActiveCfg = Release|Any CPU
		{19B5063E-3CD8-4305-8556-04CAACACFA25}.Release|iPhoneSimulator.Build.0 = Release|Any CPU
		{19B5063E-3CD8-4305-8556-04CAACACFA25}.Release|iPhoneSimulator.Deploy.0 = Release|Any CPU
		{19B5063E-3CD8-4305-8556-04CAACACFA25}.Release|x64.ActiveCfg = Release|Any CPU
		{19B5063E-3CD8-4305-8556-04CAACACFA25}.Release|x64.Build.0 = Release|Any CPU
		{19B5063E-3CD8-4305-8556-04CAACACFA25}.Release|x64.Deploy.0 = Release|Any CPU
		{19B5063E-3CD8-4305-8556-04CAACACFA25}.Release|x86.ActiveCfg = Release|Any CPU
		{19B5063E-3CD8-4305-8556-04CAACACFA25}.Release|x86.Build.0 = Release|Any CPU
		{19B5063E-3CD8-4305-8556-04CAACACFA25}.Release|x86.Deploy.0 = Release|Any CPU
		{FD005568-7CBE-4742-8109-9102564C7AE2}.Ad-Hoc|Any CPU.ActiveCfg = Release|Any CPU
		{FD005568-7CBE-4742-8109-9102564C7AE2}.Ad-Hoc|Any CPU.Build.0 = Release|Any CPU
		{FD005568-7CBE-4742-8109-9102564C7AE2}.Ad-Hoc|Any CPU.Deploy.0 = Release|Any CPU
		{FD005568-7CBE-4742-8109-9102564C7AE2}.Ad-Hoc|ARM.ActiveCfg = Release|Any CPU
		{FD005568-7CBE-4742-8109-9102564C7AE2}.Ad-Hoc|ARM.Build.0 = Release|Any CPU
		{FD005568-7CBE-4742-8109-9102564C7AE2}.Ad-Hoc|ARM.Deploy.0 = Release|Any CPU
		{FD005568-7CBE-4742-8109-9102564C7AE2}.Ad-Hoc|iPhone.ActiveCfg = Release|Any CPU
		{FD005568-7CBE-4742-8109-9102564C7AE2}.Ad-Hoc|iPhone.Build.0 = Release|Any CPU
		{FD005568-7CBE-4742-8109-9102564C7AE2}.Ad-Hoc|iPhone.Deploy.0 = Release|Any CPU
		{FD005568-7CBE-4742-8109-9102564C7AE2}.Ad-Hoc|iPhoneSimulator.ActiveCfg = Release|Any CPU
		{FD005568-7CBE-4742-8109-9102564C7AE2}.Ad-Hoc|iPhoneSimulator.Build.0 = Release|Any CPU
		{FD005568-7CBE-4742-8109-9102564C7AE2}.Ad-Hoc|iPhoneSimulator.Deploy.0 = Release|Any CPU
		{FD005568-7CBE-4742-8109-9102564C7AE2}.Ad-Hoc|x64.ActiveCfg = Release|Any CPU
		{FD005568-7CBE-4742-8109-9102564C7AE2}.Ad-Hoc|x64.Build.0 = Release|Any CPU
		{FD005568-7CBE-4742-8109-9102564C7AE2}.Ad-Hoc|x64.Deploy.0 = Release|Any CPU
		{FD005568-7CBE-4742-8109-9102564C7AE2}.Ad-Hoc|x86.ActiveCfg = Release|Any CPU
		{FD005568-7CBE-4742-8109-9102564C7AE2}.Ad-Hoc|x86.Build.0 = Release|Any CPU
		{FD005568-7CBE-4742-8109-9102564C7AE2}.Ad-Hoc|x86.Deploy.0 = Release|Any CPU
		{FD005568-7CBE-4742-8109-9102564C7AE2}.AppStore|Any CPU.ActiveCfg = Release|Any CPU
		{FD005568-7CBE-4742-8109-9102564C7AE2}.AppStore|Any CPU.Build.0 = Release|Any CPU
		{FD005568-7CBE-4742-8109-9102564C7AE2}.AppStore|Any CPU.Deploy.0 = Release|Any CPU
		{FD005568-7CBE-4742-8109-9102564C7AE2}.AppStore|ARM.ActiveCfg = Release|Any CPU
		{FD005568-7CBE-4742-8109-9102564C7AE2}.AppStore|ARM.Build.0 = Release|Any CPU
		{FD005568-7CBE-4742-8109-9102564C7AE2}.AppStore|ARM.Deploy.0 = Release|Any CPU
		{FD005568-7CBE-4742-8109-9102564C7AE2}.AppStore|iPhone.ActiveCfg = Release|Any CPU
		{FD005568-7CBE-4742-8109-9102564C7AE2}.AppStore|iPhone.Build.0 = Release|Any CPU
		{FD005568-7CBE-4742-8109-9102564C7AE2}.AppStore|iPhone.Deploy.0 = Release|Any CPU
		{FD005568-7CBE-4742-8109-9102564C7AE2}.AppStore|iPhoneSimulator.ActiveCfg = Release|Any CPU
		{FD005568-7CBE-4742-8109-9102564C7AE2}.AppStore|iPhoneSimulator.Build.0 = Release|Any CPU
		{FD005568-7CBE-4742-8109-9102564C7AE2}.AppStore|iPhoneSimulator.Deploy.0 = Release|Any CPU
		{FD005568-7CBE-4742-8109-9102564C7AE2}.AppStore|x64.ActiveCfg = Release|Any CPU
		{FD005568-7CBE-4742-8109-9102564C7AE2}.AppStore|x64.Build.0 = Release|Any CPU
		{FD005568-7CBE-4742-8109-9102564C7AE2}.AppStore|x64.Deploy.0 = Release|Any CPU
		{FD005568-7CBE-4742-8109-9102564C7AE2}.AppStore|x86.ActiveCfg = Release|Any CPU
		{FD005568-7CBE-4742-8109-9102564C7AE2}.AppStore|x86.Build.0 = Release|Any CPU
		{FD005568-7CBE-4742-8109-9102564C7AE2}.AppStore|x86.Deploy.0 = Release|Any CPU
		{FD005568-7CBE-4742-8109-9102564C7AE2}.Debug|Any CPU.ActiveCfg = Debug|Any CPU
		{FD005568-7CBE-4742-8109-9102564C7AE2}.Debug|Any CPU.Build.0 = Debug|Any CPU
		{FD005568-7CBE-4742-8109-9102564C7AE2}.Debug|Any CPU.Deploy.0 = Debug|Any CPU
		{FD005568-7CBE-4742-8109-9102564C7AE2}.Debug|ARM.ActiveCfg = Debug|Any CPU
		{FD005568-7CBE-4742-8109-9102564C7AE2}.Debug|ARM.Build.0 = Debug|Any CPU
		{FD005568-7CBE-4742-8109-9102564C7AE2}.Debug|ARM.Deploy.0 = Debug|Any CPU
		{FD005568-7CBE-4742-8109-9102564C7AE2}.Debug|iPhone.ActiveCfg = Debug|Any CPU
		{FD005568-7CBE-4742-8109-9102564C7AE2}.Debug|iPhone.Build.0 = Debug|Any CPU
		{FD005568-7CBE-4742-8109-9102564C7AE2}.Debug|iPhone.Deploy.0 = Debug|Any CPU
		{FD005568-7CBE-4742-8109-9102564C7AE2}.Debug|iPhoneSimulator.ActiveCfg = Debug|Any CPU
		{FD005568-7CBE-4742-8109-9102564C7AE2}.Debug|iPhoneSimulator.Build.0 = Debug|Any CPU
		{FD005568-7CBE-4742-8109-9102564C7AE2}.Debug|iPhoneSimulator.Deploy.0 = Debug|Any CPU
		{FD005568-7CBE-4742-8109-9102564C7AE2}.Debug|x64.ActiveCfg = Debug|Any CPU
		{FD005568-7CBE-4742-8109-9102564C7AE2}.Debug|x64.Build.0 = Debug|Any CPU
		{FD005568-7CBE-4742-8109-9102564C7AE2}.Debug|x64.Deploy.0 = Debug|Any CPU
		{FD005568-7CBE-4742-8109-9102564C7AE2}.Debug|x86.ActiveCfg = Debug|Any CPU
		{FD005568-7CBE-4742-8109-9102564C7AE2}.Debug|x86.Build.0 = Debug|Any CPU
		{FD005568-7CBE-4742-8109-9102564C7AE2}.Debug|x86.Deploy.0 = Debug|Any CPU
		{FD005568-7CBE-4742-8109-9102564C7AE2}.Release|Any CPU.ActiveCfg = Release|Any CPU
		{FD005568-7CBE-4742-8109-9102564C7AE2}.Release|Any CPU.Build.0 = Release|Any CPU
		{FD005568-7CBE-4742-8109-9102564C7AE2}.Release|Any CPU.Deploy.0 = Release|Any CPU
		{FD005568-7CBE-4742-8109-9102564C7AE2}.Release|ARM.ActiveCfg = Release|Any CPU
		{FD005568-7CBE-4742-8109-9102564C7AE2}.Release|ARM.Build.0 = Release|Any CPU
		{FD005568-7CBE-4742-8109-9102564C7AE2}.Release|ARM.Deploy.0 = Release|Any CPU
		{FD005568-7CBE-4742-8109-9102564C7AE2}.Release|iPhone.ActiveCfg = Release|Any CPU
		{FD005568-7CBE-4742-8109-9102564C7AE2}.Release|iPhone.Build.0 = Release|Any CPU
		{FD005568-7CBE-4742-8109-9102564C7AE2}.Release|iPhone.Deploy.0 = Release|Any CPU
		{FD005568-7CBE-4742-8109-9102564C7AE2}.Release|iPhoneSimulator.ActiveCfg = Release|Any CPU
		{FD005568-7CBE-4742-8109-9102564C7AE2}.Release|iPhoneSimulator.Build.0 = Release|Any CPU
		{FD005568-7CBE-4742-8109-9102564C7AE2}.Release|iPhoneSimulator.Deploy.0 = Release|Any CPU
		{FD005568-7CBE-4742-8109-9102564C7AE2}.Release|x64.ActiveCfg = Release|Any CPU
		{FD005568-7CBE-4742-8109-9102564C7AE2}.Release|x64.Build.0 = Release|Any CPU
		{FD005568-7CBE-4742-8109-9102564C7AE2}.Release|x64.Deploy.0 = Release|Any CPU
		{FD005568-7CBE-4742-8109-9102564C7AE2}.Release|x86.ActiveCfg = Release|Any CPU
		{FD005568-7CBE-4742-8109-9102564C7AE2}.Release|x86.Build.0 = Release|Any CPU
		{FD005568-7CBE-4742-8109-9102564C7AE2}.Release|x86.Deploy.0 = Release|Any CPU
		{5E478A70-77C5-4BDF-A09C-0C05FDCB03AF}.Ad-Hoc|Any CPU.ActiveCfg = Release|Any CPU
		{5E478A70-77C5-4BDF-A09C-0C05FDCB03AF}.Ad-Hoc|Any CPU.Build.0 = Release|Any CPU
		{5E478A70-77C5-4BDF-A09C-0C05FDCB03AF}.Ad-Hoc|ARM.ActiveCfg = Release|Any CPU
		{5E478A70-77C5-4BDF-A09C-0C05FDCB03AF}.Ad-Hoc|ARM.Build.0 = Release|Any CPU
		{5E478A70-77C5-4BDF-A09C-0C05FDCB03AF}.Ad-Hoc|iPhone.ActiveCfg = Release|Any CPU
		{5E478A70-77C5-4BDF-A09C-0C05FDCB03AF}.Ad-Hoc|iPhone.Build.0 = Release|Any CPU
		{5E478A70-77C5-4BDF-A09C-0C05FDCB03AF}.Ad-Hoc|iPhoneSimulator.ActiveCfg = Release|Any CPU
		{5E478A70-77C5-4BDF-A09C-0C05FDCB03AF}.Ad-Hoc|iPhoneSimulator.Build.0 = Release|Any CPU
		{5E478A70-77C5-4BDF-A09C-0C05FDCB03AF}.Ad-Hoc|x64.ActiveCfg = Release|Any CPU
		{5E478A70-77C5-4BDF-A09C-0C05FDCB03AF}.Ad-Hoc|x64.Build.0 = Release|Any CPU
		{5E478A70-77C5-4BDF-A09C-0C05FDCB03AF}.Ad-Hoc|x86.ActiveCfg = Release|Any CPU
		{5E478A70-77C5-4BDF-A09C-0C05FDCB03AF}.Ad-Hoc|x86.Build.0 = Release|Any CPU
		{5E478A70-77C5-4BDF-A09C-0C05FDCB03AF}.AppStore|Any CPU.ActiveCfg = Release|Any CPU
		{5E478A70-77C5-4BDF-A09C-0C05FDCB03AF}.AppStore|Any CPU.Build.0 = Release|Any CPU
		{5E478A70-77C5-4BDF-A09C-0C05FDCB03AF}.AppStore|ARM.ActiveCfg = Release|Any CPU
		{5E478A70-77C5-4BDF-A09C-0C05FDCB03AF}.AppStore|ARM.Build.0 = Release|Any CPU
		{5E478A70-77C5-4BDF-A09C-0C05FDCB03AF}.AppStore|iPhone.ActiveCfg = Release|Any CPU
		{5E478A70-77C5-4BDF-A09C-0C05FDCB03AF}.AppStore|iPhone.Build.0 = Release|Any CPU
		{5E478A70-77C5-4BDF-A09C-0C05FDCB03AF}.AppStore|iPhoneSimulator.ActiveCfg = Release|Any CPU
		{5E478A70-77C5-4BDF-A09C-0C05FDCB03AF}.AppStore|iPhoneSimulator.Build.0 = Release|Any CPU
		{5E478A70-77C5-4BDF-A09C-0C05FDCB03AF}.AppStore|x64.ActiveCfg = Release|Any CPU
		{5E478A70-77C5-4BDF-A09C-0C05FDCB03AF}.AppStore|x64.Build.0 = Release|Any CPU
		{5E478A70-77C5-4BDF-A09C-0C05FDCB03AF}.AppStore|x86.ActiveCfg = Release|Any CPU
		{5E478A70-77C5-4BDF-A09C-0C05FDCB03AF}.AppStore|x86.Build.0 = Release|Any CPU
		{5E478A70-77C5-4BDF-A09C-0C05FDCB03AF}.Debug|Any CPU.ActiveCfg = Debug|Any CPU
		{5E478A70-77C5-4BDF-A09C-0C05FDCB03AF}.Debug|Any CPU.Build.0 = Debug|Any CPU
		{5E478A70-77C5-4BDF-A09C-0C05FDCB03AF}.Debug|ARM.ActiveCfg = Debug|Any CPU
		{5E478A70-77C5-4BDF-A09C-0C05FDCB03AF}.Debug|ARM.Build.0 = Debug|Any CPU
		{5E478A70-77C5-4BDF-A09C-0C05FDCB03AF}.Debug|iPhone.ActiveCfg = Debug|Any CPU
		{5E478A70-77C5-4BDF-A09C-0C05FDCB03AF}.Debug|iPhone.Build.0 = Debug|Any CPU
		{5E478A70-77C5-4BDF-A09C-0C05FDCB03AF}.Debug|iPhoneSimulator.ActiveCfg = Debug|Any CPU
		{5E478A70-77C5-4BDF-A09C-0C05FDCB03AF}.Debug|iPhoneSimulator.Build.0 = Debug|Any CPU
		{5E478A70-77C5-4BDF-A09C-0C05FDCB03AF}.Debug|x64.ActiveCfg = Debug|Any CPU
		{5E478A70-77C5-4BDF-A09C-0C05FDCB03AF}.Debug|x64.Build.0 = Debug|Any CPU
		{5E478A70-77C5-4BDF-A09C-0C05FDCB03AF}.Debug|x86.ActiveCfg = Debug|Any CPU
		{5E478A70-77C5-4BDF-A09C-0C05FDCB03AF}.Debug|x86.Build.0 = Debug|Any CPU
		{5E478A70-77C5-4BDF-A09C-0C05FDCB03AF}.Release|Any CPU.ActiveCfg = Release|Any CPU
		{5E478A70-77C5-4BDF-A09C-0C05FDCB03AF}.Release|Any CPU.Build.0 = Release|Any CPU
		{5E478A70-77C5-4BDF-A09C-0C05FDCB03AF}.Release|ARM.ActiveCfg = Release|Any CPU
		{5E478A70-77C5-4BDF-A09C-0C05FDCB03AF}.Release|ARM.Build.0 = Release|Any CPU
		{5E478A70-77C5-4BDF-A09C-0C05FDCB03AF}.Release|iPhone.ActiveCfg = Release|Any CPU
		{5E478A70-77C5-4BDF-A09C-0C05FDCB03AF}.Release|iPhone.Build.0 = Release|Any CPU
		{5E478A70-77C5-4BDF-A09C-0C05FDCB03AF}.Release|iPhoneSimulator.ActiveCfg = Release|Any CPU
		{5E478A70-77C5-4BDF-A09C-0C05FDCB03AF}.Release|iPhoneSimulator.Build.0 = Release|Any CPU
		{5E478A70-77C5-4BDF-A09C-0C05FDCB03AF}.Release|x64.ActiveCfg = Release|Any CPU
		{5E478A70-77C5-4BDF-A09C-0C05FDCB03AF}.Release|x64.Build.0 = Release|Any CPU
		{5E478A70-77C5-4BDF-A09C-0C05FDCB03AF}.Release|x86.ActiveCfg = Release|Any CPU
		{5E478A70-77C5-4BDF-A09C-0C05FDCB03AF}.Release|x86.Build.0 = Release|Any CPU
		{41D0AFF3-F961-418A-BCD3-0C489497C014}.Ad-Hoc|Any CPU.ActiveCfg = Release|x86
		{41D0AFF3-F961-418A-BCD3-0C489497C014}.Ad-Hoc|Any CPU.Build.0 = Release|x86
		{41D0AFF3-F961-418A-BCD3-0C489497C014}.Ad-Hoc|Any CPU.Deploy.0 = Release|x86
		{41D0AFF3-F961-418A-BCD3-0C489497C014}.Ad-Hoc|ARM.ActiveCfg = Release|ARM
		{41D0AFF3-F961-418A-BCD3-0C489497C014}.Ad-Hoc|ARM.Build.0 = Release|ARM
		{41D0AFF3-F961-418A-BCD3-0C489497C014}.Ad-Hoc|ARM.Deploy.0 = Release|ARM
		{41D0AFF3-F961-418A-BCD3-0C489497C014}.Ad-Hoc|iPhone.ActiveCfg = Release|x86
		{41D0AFF3-F961-418A-BCD3-0C489497C014}.Ad-Hoc|iPhone.Build.0 = Release|x86
		{41D0AFF3-F961-418A-BCD3-0C489497C014}.Ad-Hoc|iPhone.Deploy.0 = Release|x86
		{41D0AFF3-F961-418A-BCD3-0C489497C014}.Ad-Hoc|iPhoneSimulator.ActiveCfg = Release|x86
		{41D0AFF3-F961-418A-BCD3-0C489497C014}.Ad-Hoc|iPhoneSimulator.Build.0 = Release|x86
		{41D0AFF3-F961-418A-BCD3-0C489497C014}.Ad-Hoc|iPhoneSimulator.Deploy.0 = Release|x86
		{41D0AFF3-F961-418A-BCD3-0C489497C014}.Ad-Hoc|x64.ActiveCfg = Release|x64
		{41D0AFF3-F961-418A-BCD3-0C489497C014}.Ad-Hoc|x64.Build.0 = Release|x64
		{41D0AFF3-F961-418A-BCD3-0C489497C014}.Ad-Hoc|x64.Deploy.0 = Release|x64
		{41D0AFF3-F961-418A-BCD3-0C489497C014}.Ad-Hoc|x86.ActiveCfg = Release|x86
		{41D0AFF3-F961-418A-BCD3-0C489497C014}.Ad-Hoc|x86.Build.0 = Release|x86
		{41D0AFF3-F961-418A-BCD3-0C489497C014}.Ad-Hoc|x86.Deploy.0 = Release|x86
		{41D0AFF3-F961-418A-BCD3-0C489497C014}.AppStore|Any CPU.ActiveCfg = Release|x86
		{41D0AFF3-F961-418A-BCD3-0C489497C014}.AppStore|Any CPU.Build.0 = Release|x86
		{41D0AFF3-F961-418A-BCD3-0C489497C014}.AppStore|Any CPU.Deploy.0 = Release|x86
		{41D0AFF3-F961-418A-BCD3-0C489497C014}.AppStore|ARM.ActiveCfg = Release|ARM
		{41D0AFF3-F961-418A-BCD3-0C489497C014}.AppStore|ARM.Build.0 = Release|ARM
		{41D0AFF3-F961-418A-BCD3-0C489497C014}.AppStore|ARM.Deploy.0 = Release|ARM
		{41D0AFF3-F961-418A-BCD3-0C489497C014}.AppStore|iPhone.ActiveCfg = Release|x86
		{41D0AFF3-F961-418A-BCD3-0C489497C014}.AppStore|iPhone.Build.0 = Release|x86
		{41D0AFF3-F961-418A-BCD3-0C489497C014}.AppStore|iPhone.Deploy.0 = Release|x86
		{41D0AFF3-F961-418A-BCD3-0C489497C014}.AppStore|iPhoneSimulator.ActiveCfg = Release|x86
		{41D0AFF3-F961-418A-BCD3-0C489497C014}.AppStore|iPhoneSimulator.Build.0 = Release|x86
		{41D0AFF3-F961-418A-BCD3-0C489497C014}.AppStore|iPhoneSimulator.Deploy.0 = Release|x86
		{41D0AFF3-F961-418A-BCD3-0C489497C014}.AppStore|x64.ActiveCfg = Release|x64
		{41D0AFF3-F961-418A-BCD3-0C489497C014}.AppStore|x64.Build.0 = Release|x64
		{41D0AFF3-F961-418A-BCD3-0C489497C014}.AppStore|x64.Deploy.0 = Release|x64
		{41D0AFF3-F961-418A-BCD3-0C489497C014}.AppStore|x86.ActiveCfg = Release|x86
		{41D0AFF3-F961-418A-BCD3-0C489497C014}.AppStore|x86.Build.0 = Release|x86
		{41D0AFF3-F961-418A-BCD3-0C489497C014}.AppStore|x86.Deploy.0 = Release|x86
		{41D0AFF3-F961-418A-BCD3-0C489497C014}.Debug|Any CPU.ActiveCfg = Debug|x86
		{41D0AFF3-F961-418A-BCD3-0C489497C014}.Debug|ARM.ActiveCfg = Debug|ARM
		{41D0AFF3-F961-418A-BCD3-0C489497C014}.Debug|ARM.Build.0 = Debug|ARM
		{41D0AFF3-F961-418A-BCD3-0C489497C014}.Debug|ARM.Deploy.0 = Debug|ARM
		{41D0AFF3-F961-418A-BCD3-0C489497C014}.Debug|iPhone.ActiveCfg = Debug|x86
		{41D0AFF3-F961-418A-BCD3-0C489497C014}.Debug|iPhoneSimulator.ActiveCfg = Debug|x86
		{41D0AFF3-F961-418A-BCD3-0C489497C014}.Debug|x64.ActiveCfg = Debug|x64
		{41D0AFF3-F961-418A-BCD3-0C489497C014}.Debug|x64.Build.0 = Debug|x64
		{41D0AFF3-F961-418A-BCD3-0C489497C014}.Debug|x64.Deploy.0 = Debug|x64
		{41D0AFF3-F961-418A-BCD3-0C489497C014}.Debug|x86.ActiveCfg = Debug|x86
		{41D0AFF3-F961-418A-BCD3-0C489497C014}.Debug|x86.Build.0 = Debug|x86
		{41D0AFF3-F961-418A-BCD3-0C489497C014}.Debug|x86.Deploy.0 = Debug|x86
		{41D0AFF3-F961-418A-BCD3-0C489497C014}.Release|Any CPU.ActiveCfg = Release|x86
		{41D0AFF3-F961-418A-BCD3-0C489497C014}.Release|ARM.ActiveCfg = Release|ARM
		{41D0AFF3-F961-418A-BCD3-0C489497C014}.Release|ARM.Build.0 = Release|ARM
		{41D0AFF3-F961-418A-BCD3-0C489497C014}.Release|ARM.Deploy.0 = Release|ARM
		{41D0AFF3-F961-418A-BCD3-0C489497C014}.Release|iPhone.ActiveCfg = Release|x86
		{41D0AFF3-F961-418A-BCD3-0C489497C014}.Release|iPhoneSimulator.ActiveCfg = Release|x86
		{41D0AFF3-F961-418A-BCD3-0C489497C014}.Release|x64.ActiveCfg = Release|x64
		{41D0AFF3-F961-418A-BCD3-0C489497C014}.Release|x64.Build.0 = Release|x64
		{41D0AFF3-F961-418A-BCD3-0C489497C014}.Release|x64.Deploy.0 = Release|x64
		{41D0AFF3-F961-418A-BCD3-0C489497C014}.Release|x86.ActiveCfg = Release|x86
		{41D0AFF3-F961-418A-BCD3-0C489497C014}.Release|x86.Build.0 = Release|x86
		{41D0AFF3-F961-418A-BCD3-0C489497C014}.Release|x86.Deploy.0 = Release|x86
		{F13419A6-CDB7-4CE1-A453-F9A139851756}.Ad-Hoc|Any CPU.ActiveCfg = Ad-Hoc|iPhone
		{F13419A6-CDB7-4CE1-A453-F9A139851756}.Ad-Hoc|ARM.ActiveCfg = Ad-Hoc|iPhone
		{F13419A6-CDB7-4CE1-A453-F9A139851756}.Ad-Hoc|iPhone.ActiveCfg = Ad-Hoc|iPhone
		{F13419A6-CDB7-4CE1-A453-F9A139851756}.Ad-Hoc|iPhone.Build.0 = Ad-Hoc|iPhone
		{F13419A6-CDB7-4CE1-A453-F9A139851756}.Ad-Hoc|iPhoneSimulator.ActiveCfg = Ad-Hoc|iPhoneSimulator
		{F13419A6-CDB7-4CE1-A453-F9A139851756}.Ad-Hoc|iPhoneSimulator.Build.0 = Ad-Hoc|iPhoneSimulator
		{F13419A6-CDB7-4CE1-A453-F9A139851756}.Ad-Hoc|x64.ActiveCfg = Ad-Hoc|iPhone
		{F13419A6-CDB7-4CE1-A453-F9A139851756}.Ad-Hoc|x86.ActiveCfg = Ad-Hoc|iPhone
		{F13419A6-CDB7-4CE1-A453-F9A139851756}.AppStore|Any CPU.ActiveCfg = AppStore|iPhone
		{F13419A6-CDB7-4CE1-A453-F9A139851756}.AppStore|ARM.ActiveCfg = AppStore|iPhone
		{F13419A6-CDB7-4CE1-A453-F9A139851756}.AppStore|iPhone.ActiveCfg = AppStore|iPhone
		{F13419A6-CDB7-4CE1-A453-F9A139851756}.AppStore|iPhone.Build.0 = AppStore|iPhone
		{F13419A6-CDB7-4CE1-A453-F9A139851756}.AppStore|iPhoneSimulator.ActiveCfg = AppStore|iPhoneSimulator
		{F13419A6-CDB7-4CE1-A453-F9A139851756}.AppStore|iPhoneSimulator.Build.0 = AppStore|iPhoneSimulator
		{F13419A6-CDB7-4CE1-A453-F9A139851756}.AppStore|x64.ActiveCfg = AppStore|iPhone
		{F13419A6-CDB7-4CE1-A453-F9A139851756}.AppStore|x86.ActiveCfg = AppStore|iPhone
		{F13419A6-CDB7-4CE1-A453-F9A139851756}.Debug|Any CPU.ActiveCfg = Debug|iPhone
		{F13419A6-CDB7-4CE1-A453-F9A139851756}.Debug|ARM.ActiveCfg = Debug|iPhone
		{F13419A6-CDB7-4CE1-A453-F9A139851756}.Debug|iPhone.ActiveCfg = Debug|iPhone
		{F13419A6-CDB7-4CE1-A453-F9A139851756}.Debug|iPhone.Build.0 = Debug|iPhone
		{F13419A6-CDB7-4CE1-A453-F9A139851756}.Debug|iPhoneSimulator.ActiveCfg = Debug|iPhoneSimulator
		{F13419A6-CDB7-4CE1-A453-F9A139851756}.Debug|iPhoneSimulator.Build.0 = Debug|iPhoneSimulator
		{F13419A6-CDB7-4CE1-A453-F9A139851756}.Debug|x64.ActiveCfg = Debug|iPhone
		{F13419A6-CDB7-4CE1-A453-F9A139851756}.Debug|x86.ActiveCfg = Debug|iPhone
		{F13419A6-CDB7-4CE1-A453-F9A139851756}.Release|Any CPU.ActiveCfg = Release|iPhone
		{F13419A6-CDB7-4CE1-A453-F9A139851756}.Release|ARM.ActiveCfg = Release|iPhone
		{F13419A6-CDB7-4CE1-A453-F9A139851756}.Release|iPhone.ActiveCfg = Release|iPhone
		{F13419A6-CDB7-4CE1-A453-F9A139851756}.Release|iPhone.Build.0 = Release|iPhone
		{F13419A6-CDB7-4CE1-A453-F9A139851756}.Release|iPhoneSimulator.ActiveCfg = Release|iPhoneSimulator
		{F13419A6-CDB7-4CE1-A453-F9A139851756}.Release|iPhoneSimulator.Build.0 = Release|iPhoneSimulator
		{F13419A6-CDB7-4CE1-A453-F9A139851756}.Release|x64.ActiveCfg = Release|iPhone
		{F13419A6-CDB7-4CE1-A453-F9A139851756}.Release|x86.ActiveCfg = Release|iPhone
	EndGlobalSection
	GlobalSection(SolutionProperties) = preSolution
		HideSolutionNode = FALSE
	EndGlobalSection
EndGlobal
